<?xml version="1.0" encoding="UTF-8" standalone="yes" ?>
<CodeBlocks_project_file>
	<FileVersion major="1" minor="6" />
	<Project>
		<Option title="uncomp" />
		<Option pch_mode="2" />
		<Option compiler="gcc" />
		<Option show_notes="0">
			<notes>
				<![CDATA[TODO prune offsets that are very close to the EOF]]>
			</notes>
		</Option>
		<Build>
			<Target title="Debug">
				<Option output="bin/Debug/uncomp" prefix_auto="1" extension_auto="1" />
				<Option working_dir="bin/Debug" />
				<Option object_output="obj/Debug/" />
				<Option type="1" />
				<Option compiler="gcc" />
				<Option parameters="-i pdf.bin" />
				<Compiler>
					<Add option="-march=core2" />
					<Add option="-pg" />
					<Add option="-g" />
					<Add option="-Ddebug" />
				</Compiler>
				<Linker>
					<Add option="-pg -lgmon" />
				</Linker>
			</Target>
			<Target title="Release">
				<Option output="bin/Release/uncomp" prefix_auto="1" extension_auto="1" />
				<Option working_dir="bin/Release" />
				<Option object_output="obj/Release/" />
				<Option type="1" />
				<Option compiler="gcc" />
				<Option parameters="-i pdf.bin" />
				<Compiler>
					<Add option="-march=core2" />
					<Add option="-O3" />
				</Compiler>
				<Linker>
					<Add option="-s" />
				</Linker>
			</Target>
			<Target title="Release32">
				<Option output="bin/Release32/uncomp" prefix_auto="1" extension_auto="1" />
				<Option working_dir="bin/Release32" />
				<Option object_output="obj/Release32/" />
				<Option type="1" />
				<Option compiler="gcc" />
				<Option parameters="-i pdf.bin" />
				<Option projectLinkerOptionsRelation="1" />
				<Compiler>
					<Add option="-march=core2" />
					<Add option="-O3" />
					<Add option="-m32" />
				</Compiler>
				<Linker>
					<Add option="-s" />
					<Add option="-m32" />
					<Add library="..\zlib test\zlib_static\bin\Release32\libzlib_static.a" />
				</Linker>
			</Target>
		</Build>
		<Compiler>
			<Add option="-Wnon-virtual-dtor" />
			<Add option="-Wshadow" />
			<Add option="-Winit-self" />
			<Add option="-Wredundant-decls" />
			<Add option="-Wcast-align" />
			<Add option="-Wundef" />
			<Add option="-Wfloat-equal" />
			<Add option="-Wunreachable-code" />
			<Add option="-Wmissing-declarations" />
			<Add option="-Wmissing-include-dirs" />
			<Add option="-Wswitch-enum" />
			<Add option="-Wswitch-default" />
			<Add option="-pedantic" />
			<Add option="-Wextra" />
			<Add option="-Wall" />
			<Add option="--param inline-unit-growth=150" />
			<Add directory="../zlib test/zlib128" />
			<Add directory="../tclap/tclap-1.2.1/include" />
		</Compiler>
		<Linker>
			<Add library="..\zlib test\zlib_static\bin\Release\libzlib_static.a" />
			<Add directory="../zlib test/zlib128" />
		</Linker>
		<Unit filename="../tclap/tclap-1.2.1/include/tclap/Arg.h" />
		<Unit filename="../tclap/tclap-1.2.1/include/tclap/ArgException.h" />
		<Unit filename="../tclap/tclap-1.2.1/include/tclap/ArgTraits.h" />
		<Unit filename="../tclap/tclap-1.2.1/include/tclap/CmdLine.h" />
		<Unit filename="../tclap/tclap-1.2.1/include/tclap/CmdLineInterface.h" />
		<Unit filename="../tclap/tclap-1.2.1/include/tclap/CmdLineOutput.h" />
		<Unit filename="../tclap/tclap-1.2.1/include/tclap/Constraint.h" />
		<Unit filename="../tclap/tclap-1.2.1/include/tclap/DocBookOutput.h" />
		<Unit filename="../tclap/tclap-1.2.1/include/tclap/HelpVisitor.h" />
		<Unit filename="../tclap/tclap-1.2.1/include/tclap/IgnoreRestVisitor.h" />
		<Unit filename="../tclap/tclap-1.2.1/include/tclap/MultiArg.h" />
		<Unit filename="../tclap/tclap-1.2.1/include/tclap/MultiSwitchArg.h" />
		<Unit filename="../tclap/tclap-1.2.1/include/tclap/OptionalUnlabeledTracker.h" />
		<Unit filename="../tclap/tclap-1.2.1/include/tclap/StandardTraits.h" />
		<Unit filename="../tclap/tclap-1.2.1/include/tclap/StdOutput.h" />
		<Unit filename="../tclap/tclap-1.2.1/include/tclap/SwitchArg.h" />
		<Unit filename="../tclap/tclap-1.2.1/include/tclap/UnlabeledMultiArg.h" />
		<Unit filename="../tclap/tclap-1.2.1/include/tclap/UnlabeledValueArg.h" />
		<Unit filename="../tclap/tclap-1.2.1/include/tclap/ValueArg.h" />
		<Unit filename="../tclap/tclap-1.2.1/include/tclap/ValuesConstraint.h" />
		<Unit filename="../tclap/tclap-1.2.1/include/tclap/VersionVisitor.h" />
		<Unit filename="../tclap/tclap-1.2.1/include/tclap/Visitor.h" />
		<Unit filename="../tclap/tclap-1.2.1/include/tclap/XorHandler.h" />
		<Unit filename="../tclap/tclap-1.2.1/include/tclap/ZshCompletionOutput.h" />
		<Unit filename="main.cpp" />
		<Extensions>
			<code_completion />
			<envvars />
			<debugger />
			<lib_finder disable_auto="1" />
		</Extensions>
	</Project>
</CodeBlocks_project_file>
